
Microsoft Visual Studio Solution File, Format Version 12.00
# Visual Studio Version 17
VisualStudioVersion = 17.4.33205.214
MinimumVisualStudioVersion = 10.0.40219.1
Project("{FAE04EC0-301F-11D3-BF4B-00C04F79EFBC}") = "Davin", "Davin.csproj", "{17B8D57C-D0CF-4CB1-9E5E-3AE059689A52}"
EndProject
Global
	GlobalSection(SolutionConfigurationPlatforms) = preSolution
		Debug|Any CPU = Debug|Any CPU
		Release|Any CPU = Release|Any CPU
	EndGlobalSection
	GlobalSection(ProjectConfigurationPlatforms) = postSolution
		{17B8D57C-D0CF-4CB1-9E5E-3AE059689A52}.Debug|Any CPU.ActiveCfg = Debug|Any CPU
		{17B8D57C-D0CF-4CB1-9E5E-3AE059689A52}.Debug|Any CPU.Build.0 = Debug|Any CPU
		{17B8D57C-D0CF-4CB1-9E5E-3AE059689A52}.Release|Any CPU.ActiveCfg = Release|Any CPU
		{17B8D57C-D0CF-4CB1-9E5E-3AE059689A52}.Release|Any CPU.Build.0 = Release|Any CPU
	EndGlobalSection
	GlobalSection(SolutionProperties) = preSolution
		HideSolutionNode = FALSE
	EndGlobalSection
	GlobalSection(ExtensibilityGlobals) = postSolution
		SolutionGuid = {23E5EF76-4E2C-438E-BEB0-BED2AE3C036D}
	EndGlobalSection
EndGlobal
